
Microsoft Visual Studio Solution File, Format Version 12.00
# Visual Studio Version 16
VisualStudioVersion = 16.0.31624.102
MinimumVisualStudioVersion = 10.0.40219.1
Project("{FAE04EC0-301F-11D3-BF4B-00C04F79EFBC}") = "ParkingMeter", "ParkingMeter\ParkingMeter.csproj", "{D7ED5E6D-7F05-4B95-A03C-DB2A98AA867C}"
EndProject
Global
	GlobalSection(SolutionConfigurationPlatforms) = preSolution
		Debug|Any CPU = Debug|Any CPU
		Release|Any CPU = Release|Any CPU
	EndGlobalSection
	GlobalSection(ProjectConfigurationPlatforms) = postSolution
		{D7ED5E6D-7F05-4B95-A03C-DB2A98AA867C}.Debug|Any CPU.ActiveCfg = Debug|Any CPU
		{D7ED5E6D-7F05-4B95-A03C-DB2A98AA867C}.Debug|Any CPU.Build.0 = Debug|Any CPU
		{D7ED5E6D-7F05-4B95-A03C-DB2A98AA867C}.Release|Any CPU.ActiveCfg = Release|Any CPU
		{D7ED5E6D-7F05-4B95-A03C-DB2A98AA867C}.Release|Any CPU.Build.0 = Release|Any CPU
	EndGlobalSection
	GlobalSection(SolutionProperties) = preSolution
		HideSolutionNode = FALSE
	EndGlobalSection
	GlobalSection(ExtensibilityGlobals) = postSolution
		SolutionGuid = {3769C818-3B15-4AE1-ADC3-4AA10E286325}
	EndGlobalSection
EndGlobal
