
Microsoft Visual Studio Solution File, Format Version 12.00
# Visual Studio Version 16
VisualStudioVersion = 16.0.31624.102
MinimumVisualStudioVersion = 10.0.40219.1
Project("{FAE04EC0-301F-11D3-BF4B-00C04F79EFBC}") = "Eksamensopgave-OOP", "Eksamensopgave-OOP\Eksamensopgave-OOP.csproj", "{58DFF124-C376-40A0-9DDA-6A6C68281537}"
EndProject
Global
	GlobalSection(SolutionConfigurationPlatforms) = preSolution
		Debug|Any CPU = Debug|Any CPU
		Release|Any CPU = Release|Any CPU
	EndGlobalSection
	GlobalSection(ProjectConfigurationPlatforms) = postSolution
		{58DFF124-C376-40A0-9DDA-6A6C68281537}.Debug|Any CPU.ActiveCfg = Debug|Any CPU
		{58DFF124-C376-40A0-9DDA-6A6C68281537}.Debug|Any CPU.Build.0 = Debug|Any CPU
		{58DFF124-C376-40A0-9DDA-6A6C68281537}.Release|Any CPU.ActiveCfg = Release|Any CPU
		{58DFF124-C376-40A0-9DDA-6A6C68281537}.Release|Any CPU.Build.0 = Release|Any CPU
	EndGlobalSection
	GlobalSection(SolutionProperties) = preSolution
		HideSolutionNode = FALSE
	EndGlobalSection
	GlobalSection(ExtensibilityGlobals) = postSolution
		SolutionGuid = {4BE0F43F-E974-4F09-94AF-E75DC56AE512}
	EndGlobalSection
EndGlobal
